
Microsoft Visual Studio Solution File, Format Version 12.00
# Visual Studio 15
VisualStudioVersion = 15.0.27703.2035
MinimumVisualStudioVersion = 10.0.40219.1
Project("{FAE04EC0-301F-11D3-BF4B-00C04F79EFBC}") = "tttClassCore", "Lab8_BMellen_TicTacToe\tttClassCore.csproj", "{66357CB1-6949-4735-9783-C4413EB265F7}"
EndProject
Project("{FAE04EC0-301F-11D3-BF4B-00C04F79EFBC}") = "tttClassTest", "tttClassTest\tttClassTest.csproj", "{229CAEE8-3406-4224-8BD6-DF559FA5361A}"
EndProject
Global
	GlobalSection(SolutionConfigurationPlatforms) = preSolution
		Debug|Any CPU = Debug|Any CPU
		Release|Any CPU = Release|Any CPU
	EndGlobalSection
	GlobalSection(ProjectConfigurationPlatforms) = postSolution
		{66357CB1-6949-4735-9783-C4413EB265F7}.Debug|Any CPU.ActiveCfg = Debug|Any CPU
		{66357CB1-6949-4735-9783-C4413EB265F7}.Debug|Any CPU.Build.0 = Debug|Any CPU
		{66357CB1-6949-4735-9783-C4413EB265F7}.Release|Any CPU.ActiveCfg = Release|Any CPU
		{66357CB1-6949-4735-9783-C4413EB265F7}.Release|Any CPU.Build.0 = Release|Any CPU
		{229CAEE8-3406-4224-8BD6-DF559FA5361A}.Debug|Any CPU.ActiveCfg = Debug|Any CPU
		{229CAEE8-3406-4224-8BD6-DF559FA5361A}.Debug|Any CPU.Build.0 = Debug|Any CPU
		{229CAEE8-3406-4224-8BD6-DF559FA5361A}.Release|Any CPU.ActiveCfg = Release|Any CPU
		{229CAEE8-3406-4224-8BD6-DF559FA5361A}.Release|Any CPU.Build.0 = Release|Any CPU
	EndGlobalSection
	GlobalSection(SolutionProperties) = preSolution
		HideSolutionNode = FALSE
	EndGlobalSection
	GlobalSection(ExtensibilityGlobals) = postSolution
		SolutionGuid = {3EEDF156-2F2D-4A33-8EBA-88236009ED0E}
	EndGlobalSection
EndGlobal
